<?xml version="1.0" encoding="UTF-8"?>
<CodeBlocks_project_file>
	<FileVersion major="1" minor="6"/>
	<Project>
		<Option title="EventQtSlotConnect"/>
		<Option makefile_is_custom="1"/>
		<Option compiler="clang"/>
		<Option virtualFolders="CMake Files\;CMake Files\..\;CMake Files\..\..\;CMake Files\..\..\..\;CMake Files\..\..\..\..\;CMake Files\..\..\..\..\usr\;CMake Files\..\..\..\..\usr\local\;CMake Files\..\..\..\..\usr\local\lib\;CMake Files\..\..\..\..\usr\local\lib\cmake\;CMake Files\..\..\..\..\usr\local\lib\cmake\vtk-8.1\;CMake Files\..\..\..\..\usr\local\lib\cmake\vtk-8.1\Modules\;CMake Files\..\..\Qt5.9.2\;CMake Files\..\..\Qt5.9.2\5.9.2\;CMake Files\..\..\Qt5.9.2\5.9.2\clang_64\;CMake Files\..\..\Qt5.9.2\5.9.2\clang_64\lib\;CMake Files\..\..\Qt5.9.2\5.9.2\clang_64\lib\cmake\;CMake Files\..\..\Qt5.9.2\5.9.2\clang_64\lib\cmake\Qt5\;CMake Files\..\..\Qt5.9.2\5.9.2\clang_64\lib\cmake\Qt5Widgets\;CMake Files\..\..\Qt5.9.2\5.9.2\clang_64\lib\cmake\Qt5Gui\;CMake Files\..\..\Qt5.9.2\5.9.2\clang_64\lib\cmake\Qt5Core\;CMake Files\..\..\Qt5.9.2\5.9.2\clang_64\lib\cmake\Qt5OpenGL\;CMake Files\..\..\Qt5.9.2\5.9.2\clang_64\lib\cmake\Qt5Sql\;"/>
		<Build>
			<Target title="all">
				<Option working_dir="/Users/weiyang/Downloads/EventQtSlotConnect/qt-EventQtSlotConnect-Debug"/>
				<Option type="4"/>
				<MakeCommands>
					<Build command="/usr/bin/make -j4 -f &quot;/Users/weiyang/Downloads/EventQtSlotConnect/qt-EventQtSlotConnect-Debug/Makefile&quot;  VERBOSE=1 all"/>
					<CompileFile command="/usr/bin/make -j4 -f &quot;/Users/weiyang/Downloads/EventQtSlotConnect/qt-EventQtSlotConnect-Debug/Makefile&quot;  VERBOSE=1 &quot;$file&quot;"/>
					<Clean command="/usr/bin/make -j4 -f &quot;/Users/weiyang/Downloads/EventQtSlotConnect/qt-EventQtSlotConnect-Debug/Makefile&quot;  VERBOSE=1 clean"/>
					<DistClean command="/usr/bin/make -j4 -f &quot;/Users/weiyang/Downloads/EventQtSlotConnect/qt-EventQtSlotConnect-Debug/Makefile&quot;  VERBOSE=1 clean"/>
				</MakeCommands>
			</Target>
			<Target title="rebuild_cache">
				<Option working_dir="/Users/weiyang/Downloads/EventQtSlotConnect/qt-EventQtSlotConnect-Debug"/>
				<Option type="4"/>
				<MakeCommands>
					<Build command="/usr/bin/make -j4 -f &quot;/Users/weiyang/Downloads/EventQtSlotConnect/qt-EventQtSlotConnect-Debug/Makefile&quot;  VERBOSE=1 rebuild_cache"/>
					<CompileFile command="/usr/bin/make -j4 -f &quot;/Users/weiyang/Downloads/EventQtSlotConnect/qt-EventQtSlotConnect-Debug/Makefile&quot;  VERBOSE=1 &quot;$file&quot;"/>
					<Clean command="/usr/bin/make -j4 -f &quot;/Users/weiyang/Downloads/EventQtSlotConnect/qt-EventQtSlotConnect-Debug/Makefile&quot;  VERBOSE=1 clean"/>
					<DistClean command="/usr/bin/make -j4 -f &quot;/Users/weiyang/Downloads/EventQtSlotConnect/qt-EventQtSlotConnect-Debug/Makefile&quot;  VERBOSE=1 clean"/>
				</MakeCommands>
			</Target>
			<Target title="edit_cache">
				<Option working_dir="/Users/weiyang/Downloads/EventQtSlotConnect/qt-EventQtSlotConnect-Debug"/>
				<Option type="4"/>
				<MakeCommands>
					<Build command="/usr/bin/make -j4 -f &quot;/Users/weiyang/Downloads/EventQtSlotConnect/qt-EventQtSlotConnect-Debug/Makefile&quot;  VERBOSE=1 edit_cache"/>
					<CompileFile command="/usr/bin/make -j4 -f &quot;/Users/weiyang/Downloads/EventQtSlotConnect/qt-EventQtSlotConnect-Debug/Makefile&quot;  VERBOSE=1 &quot;$file&quot;"/>
					<Clean command="/usr/bin/make -j4 -f &quot;/Users/weiyang/Downloads/EventQtSlotConnect/qt-EventQtSlotConnect-Debug/Makefile&quot;  VERBOSE=1 clean"/>
					<DistClean command="/usr/bin/make -j4 -f &quot;/Users/weiyang/Downloads/EventQtSlotConnect/qt-EventQtSlotConnect-Debug/Makefile&quot;  VERBOSE=1 clean"/>
				</MakeCommands>
			</Target>
			<Target title="EventQtSlotConnect">
				<Option output="/Users/weiyang/Downloads/EventQtSlotConnect/qt-EventQtSlotConnect-Debug/EventQtSlotConnect.app/Contents/MacOS/EventQtSlotConnect" prefix_auto="0" extension_auto="0"/>
				<Option working_dir="/Users/weiyang/Downloads/EventQtSlotConnect/qt-EventQtSlotConnect-Debug"/>
				<Option object_output="./"/>
				<Option type="0"/>
				<Option compiler="clang"/>
				<Compiler>
					<Add option="-DQT_CORE_LIB"/>
					<Add option="-DQT_GUI_LIB"/>
					<Add option="-DvtkDomainsChemistry_AUTOINIT=1(vtkDomainsChemistryOpenGL2)"/>
					<Add option="-DvtkIOExport_AUTOINIT=1(vtkIOExportOpenGL2)"/>
					<Add option="-DvtkRenderingContext2D_AUTOINIT=1(vtkRenderingContextOpenGL2)"/>
					<Add option="-DvtkRenderingCore_AUTOINIT=3(vtkInteractionStyle,vtkRenderingFreeType,vtkRenderingOpenGL2)"/>
					<Add option="-DvtkRenderingOpenGL2_AUTOINIT=1(vtkRenderingGL2PSOpenGL2)"/>
					<Add option="-DvtkRenderingVolume_AUTOINIT=1(vtkRenderingVolumeOpenGL2)"/>
					<Add option="-DQT_WIDGETS_LIB"/>
					<Add option="-DQT_SQL_LIB"/>
					<Add directory="/Users/weiyang/Downloads/EventQtSlotConnect/qt-EventQtSlotConnect-Debug/EventQtSlotConnect_autogen/include"/>
					<Add directory="/usr/local/include/vtk-8.1"/>
					<Add directory="/Users/weiyang/Downloads/EventQtSlotConnect"/>
					<Add directory="/Users/weiyang/Downloads/EventQtSlotConnect/qt-EventQtSlotConnect-Debug"/>
					<Add directory="/Users/weiyang/Qt5.9.2/5.9.2/clang_64/lib/QtCore.framework"/>
					<Add directory="/Users/weiyang/Qt5.9.2/5.9.2/clang_64/lib/QtCore.framework/Headers"/>
					<Add directory="/Users/weiyang/Qt5.9.2/5.9.2/clang_64/./mkspecs/macx-clang"/>
					<Add directory="/Users/weiyang/Qt5.9.2/5.9.2/clang_64/lib/QtGui.framework"/>
					<Add directory="/Users/weiyang/Qt5.9.2/5.9.2/clang_64/lib/QtGui.framework/Headers"/>
					<Add directory="/System/Library/Frameworks/OpenGL.framework/Headers"/>
					<Add directory="/Users/weiyang/Qt5.9.2/5.9.2/clang_64/lib/QtWidgets.framework"/>
					<Add directory="/Users/weiyang/Qt5.9.2/5.9.2/clang_64/lib/QtWidgets.framework/Headers"/>
					<Add directory="/Users/weiyang/Qt5.9.2/5.9.2/clang_64/lib/QtSql.framework"/>
					<Add directory="/Users/weiyang/Qt5.9.2/5.9.2/clang_64/lib/QtSql.framework/Headers"/>
					<Add directory="/usr/local/include"/>
					<Add directory="/Library/Developer/CommandLineTools/usr/include/c++/v1"/>
					<Add directory="/Library/Developer/CommandLineTools/usr/lib/clang/9.1.0/include"/>
					<Add directory="/Library/Developer/CommandLineTools/usr/include"/>
					<Add directory="/usr/include"/>
					<Add directory="/System/Library/Frameworks"/>
					<Add directory="/Library/Frameworks"/>
				</Compiler>
				<MakeCommands>
					<Build command="/usr/bin/make -j4 -f &quot;/Users/weiyang/Downloads/EventQtSlotConnect/qt-EventQtSlotConnect-Debug/Makefile&quot;  VERBOSE=1 EventQtSlotConnect"/>
					<CompileFile command="/usr/bin/make -j4 -f &quot;/Users/weiyang/Downloads/EventQtSlotConnect/qt-EventQtSlotConnect-Debug/Makefile&quot;  VERBOSE=1 &quot;$file&quot;"/>
					<Clean command="/usr/bin/make -j4 -f &quot;/Users/weiyang/Downloads/EventQtSlotConnect/qt-EventQtSlotConnect-Debug/Makefile&quot;  VERBOSE=1 clean"/>
					<DistClean command="/usr/bin/make -j4 -f &quot;/Users/weiyang/Downloads/EventQtSlotConnect/qt-EventQtSlotConnect-Debug/Makefile&quot;  VERBOSE=1 clean"/>
				</MakeCommands>
			</Target>
			<Target title="EventQtSlotConnect/fast">
				<Option output="/Users/weiyang/Downloads/EventQtSlotConnect/qt-EventQtSlotConnect-Debug/EventQtSlotConnect.app/Contents/MacOS/EventQtSlotConnect" prefix_auto="0" extension_auto="0"/>
				<Option working_dir="/Users/weiyang/Downloads/EventQtSlotConnect/qt-EventQtSlotConnect-Debug"/>
				<Option object_output="./"/>
				<Option type="0"/>
				<Option compiler="clang"/>
				<Compiler>
					<Add option="-DQT_CORE_LIB"/>
					<Add option="-DQT_GUI_LIB"/>
					<Add option="-DvtkDomainsChemistry_AUTOINIT=1(vtkDomainsChemistryOpenGL2)"/>
					<Add option="-DvtkIOExport_AUTOINIT=1(vtkIOExportOpenGL2)"/>
					<Add option="-DvtkRenderingContext2D_AUTOINIT=1(vtkRenderingContextOpenGL2)"/>
					<Add option="-DvtkRenderingCore_AUTOINIT=3(vtkInteractionStyle,vtkRenderingFreeType,vtkRenderingOpenGL2)"/>
					<Add option="-DvtkRenderingOpenGL2_AUTOINIT=1(vtkRenderingGL2PSOpenGL2)"/>
					<Add option="-DvtkRenderingVolume_AUTOINIT=1(vtkRenderingVolumeOpenGL2)"/>
					<Add option="-DQT_WIDGETS_LIB"/>
					<Add option="-DQT_SQL_LIB"/>
					<Add directory="/Users/weiyang/Downloads/EventQtSlotConnect/qt-EventQtSlotConnect-Debug/EventQtSlotConnect_autogen/include"/>
					<Add directory="/usr/local/include/vtk-8.1"/>
					<Add directory="/Users/weiyang/Downloads/EventQtSlotConnect"/>
					<Add directory="/Users/weiyang/Downloads/EventQtSlotConnect/qt-EventQtSlotConnect-Debug"/>
					<Add directory="/Users/weiyang/Qt5.9.2/5.9.2/clang_64/lib/QtCore.framework"/>
					<Add directory="/Users/weiyang/Qt5.9.2/5.9.2/clang_64/lib/QtCore.framework/Headers"/>
					<Add directory="/Users/weiyang/Qt5.9.2/5.9.2/clang_64/./mkspecs/macx-clang"/>
					<Add directory="/Users/weiyang/Qt5.9.2/5.9.2/clang_64/lib/QtGui.framework"/>
					<Add directory="/Users/weiyang/Qt5.9.2/5.9.2/clang_64/lib/QtGui.framework/Headers"/>
					<Add directory="/System/Library/Frameworks/OpenGL.framework/Headers"/>
					<Add directory="/Users/weiyang/Qt5.9.2/5.9.2/clang_64/lib/QtWidgets.framework"/>
					<Add directory="/Users/weiyang/Qt5.9.2/5.9.2/clang_64/lib/QtWidgets.framework/Headers"/>
					<Add directory="/Users/weiyang/Qt5.9.2/5.9.2/clang_64/lib/QtSql.framework"/>
					<Add directory="/Users/weiyang/Qt5.9.2/5.9.2/clang_64/lib/QtSql.framework/Headers"/>
					<Add directory="/usr/local/include"/>
					<Add directory="/Library/Developer/CommandLineTools/usr/include/c++/v1"/>
					<Add directory="/Library/Developer/CommandLineTools/usr/lib/clang/9.1.0/include"/>
					<Add directory="/Library/Developer/CommandLineTools/usr/include"/>
					<Add directory="/usr/include"/>
					<Add directory="/System/Library/Frameworks"/>
					<Add directory="/Library/Frameworks"/>
				</Compiler>
				<MakeCommands>
					<Build command="/usr/bin/make -j4 -f &quot;/Users/weiyang/Downloads/EventQtSlotConnect/qt-EventQtSlotConnect-Debug/Makefile&quot;  VERBOSE=1 EventQtSlotConnect/fast"/>
					<CompileFile command="/usr/bin/make -j4 -f &quot;/Users/weiyang/Downloads/EventQtSlotConnect/qt-EventQtSlotConnect-Debug/Makefile&quot;  VERBOSE=1 &quot;$file&quot;"/>
					<Clean command="/usr/bin/make -j4 -f &quot;/Users/weiyang/Downloads/EventQtSlotConnect/qt-EventQtSlotConnect-Debug/Makefile&quot;  VERBOSE=1 clean"/>
					<DistClean command="/usr/bin/make -j4 -f &quot;/Users/weiyang/Downloads/EventQtSlotConnect/qt-EventQtSlotConnect-Debug/Makefile&quot;  VERBOSE=1 clean"/>
				</MakeCommands>
			</Target>
			<Target title="EventQtSlotConnect_autogen">
				<Option working_dir="/Users/weiyang/Downloads/EventQtSlotConnect/qt-EventQtSlotConnect-Debug"/>
				<Option type="4"/>
				<MakeCommands>
					<Build command="/usr/bin/make -j4 -f &quot;/Users/weiyang/Downloads/EventQtSlotConnect/qt-EventQtSlotConnect-Debug/Makefile&quot;  VERBOSE=1 EventQtSlotConnect_autogen"/>
					<CompileFile command="/usr/bin/make -j4 -f &quot;/Users/weiyang/Downloads/EventQtSlotConnect/qt-EventQtSlotConnect-Debug/Makefile&quot;  VERBOSE=1 &quot;$file&quot;"/>
					<Clean command="/usr/bin/make -j4 -f &quot;/Users/weiyang/Downloads/EventQtSlotConnect/qt-EventQtSlotConnect-Debug/Makefile&quot;  VERBOSE=1 clean"/>
					<DistClean command="/usr/bin/make -j4 -f &quot;/Users/weiyang/Downloads/EventQtSlotConnect/qt-EventQtSlotConnect-Debug/Makefile&quot;  VERBOSE=1 clean"/>
				</MakeCommands>
			</Target>
		</Build>
		<Unit filename="/Users/weiyang/Downloads/EventQtSlotConnect/EventQtSlotConnect.cxx">
			<Option target="EventQtSlotConnect"/>
		</Unit>
		<Unit filename="/Users/weiyang/Downloads/EventQtSlotConnect/EventQtSlotConnect.h">
			<Option target="EventQtSlotConnect"/>
		</Unit>
		<Unit filename="/Users/weiyang/Downloads/EventQtSlotConnect/EventQtSlotConnect.ui">
			<Option target="EventQtSlotConnect"/>
		</Unit>
		<Unit filename="/Users/weiyang/Downloads/EventQtSlotConnect/EventQtSlotConnectDriver.cxx">
			<Option target="EventQtSlotConnect"/>
		</Unit>
		<Unit filename="/Users/weiyang/Downloads/EventQtSlotConnect/qt-EventQtSlotConnect-Debug/EventQtSlotConnect_autogen/mocs_compilation.cpp">
			<Option target="EventQtSlotConnect"/>
		</Unit>
		<Unit filename="/Users/weiyang/Downloads/EventQtSlotConnect/qt-EventQtSlotConnect-Debug/ui_EventQtSlotConnect.h">
			<Option target="EventQtSlotConnect"/>
		</Unit>
		<Unit filename="/Users/weiyang/Downloads/EventQtSlotConnect/CMakeLists.txt">
			<Option virtualFolder="CMake Files\"/>
		</Unit>
		<Unit filename="/Users/weiyang/Downloads/EventQtSlotConnect/../../../../usr/local/lib/cmake/vtk-8.1/UseVTK.cmake">
			<Option virtualFolder="CMake Files\..\..\..\..\usr\local\lib\cmake\vtk-8.1\"/>
		</Unit>
		<Unit filename="/Users/weiyang/Downloads/EventQtSlotConnect/../../../../usr/local/lib/cmake/vtk-8.1/VTKConfig.cmake">
			<Option virtualFolder="CMake Files\..\..\..\..\usr\local\lib\cmake\vtk-8.1\"/>
		</Unit>
		<Unit filename="/Users/weiyang/Downloads/EventQtSlotConnect/../../../../usr/local/lib/cmake/vtk-8.1/VTKConfigVersion.cmake">
			<Option virtualFolder="CMake Files\..\..\..\..\usr\local\lib\cmake\vtk-8.1\"/>
		</Unit>
		<Unit filename="/Users/weiyang/Downloads/EventQtSlotConnect/../../../../usr/local/lib/cmake/vtk-8.1/VTKTargets-debug.cmake">
			<Option virtualFolder="CMake Files\..\..\..\..\usr\local\lib\cmake\vtk-8.1\"/>
		</Unit>
		<Unit filename="/Users/weiyang/Downloads/EventQtSlotConnect/../../../../usr/local/lib/cmake/vtk-8.1/VTKTargets.cmake">
			<Option virtualFolder="CMake Files\..\..\..\..\usr\local\lib\cmake\vtk-8.1\"/>
		</Unit>
		<Unit filename="/Users/weiyang/Downloads/EventQtSlotConnect/../../../../usr/local/lib/cmake/vtk-8.1/vtkModuleAPI.cmake">
			<Option virtualFolder="CMake Files\..\..\..\..\usr\local\lib\cmake\vtk-8.1\"/>
		</Unit>
		<Unit filename="/Users/weiyang/Downloads/EventQtSlotConnect/../../../../usr/local/lib/cmake/vtk-8.1/Modules/vtkChartsCore.cmake">
			<Option virtualFolder="CMake Files\..\..\..\..\usr\local\lib\cmake\vtk-8.1\Modules\"/>
		</Unit>
		<Unit filename="/Users/weiyang/Downloads/EventQtSlotConnect/../../../../usr/local/lib/cmake/vtk-8.1/Modules/vtkCommonColor.cmake">
			<Option virtualFolder="CMake Files\..\..\..\..\usr\local\lib\cmake\vtk-8.1\Modules\"/>
		</Unit>
		<Unit filename="/Users/weiyang/Downloads/EventQtSlotConnect/../../../../usr/local/lib/cmake/vtk-8.1/Modules/vtkCommonComputationalGeometry.cmake">
			<Option virtualFolder="CMake Files\..\..\..\..\usr\local\lib\cmake\vtk-8.1\Modules\"/>
		</Unit>
		<Unit filename="/Users/weiyang/Downloads/EventQtSlotConnect/../../../../usr/local/lib/cmake/vtk-8.1/Modules/vtkCommonCore.cmake">
			<Option virtualFolder="CMake Files\..\..\..\..\usr\local\lib\cmake\vtk-8.1\Modules\"/>
		</Unit>
		<Unit filename="/Users/weiyang/Downloads/EventQtSlotConnect/../../../../usr/local/lib/cmake/vtk-8.1/Modules/vtkCommonDataModel.cmake">
			<Option virtualFolder="CMake Files\..\..\..\..\usr\local\lib\cmake\vtk-8.1\Modules\"/>
		</Unit>
		<Unit filename="/Users/weiyang/Downloads/EventQtSlotConnect/../../../../usr/local/lib/cmake/vtk-8.1/Modules/vtkCommonExecutionModel.cmake">
			<Option virtualFolder="CMake Files\..\..\..\..\usr\local\lib\cmake\vtk-8.1\Modules\"/>
		</Unit>
		<Unit filename="/Users/weiyang/Downloads/EventQtSlotConnect/../../../../usr/local/lib/cmake/vtk-8.1/Modules/vtkCommonMath.cmake">
			<Option virtualFolder="CMake Files\..\..\..\..\usr\local\lib\cmake\vtk-8.1\Modules\"/>
		</Unit>
		<Unit filename="/Users/weiyang/Downloads/EventQtSlotConnect/../../../../usr/local/lib/cmake/vtk-8.1/Modules/vtkCommonMisc.cmake">
			<Option virtualFolder="CMake Files\..\..\..\..\usr\local\lib\cmake\vtk-8.1\Modules\"/>
		</Unit>
		<Unit filename="/Users/weiyang/Downloads/EventQtSlotConnect/../../../../usr/local/lib/cmake/vtk-8.1/Modules/vtkCommonSystem.cmake">
			<Option virtualFolder="CMake Files\..\..\..\..\usr\local\lib\cmake\vtk-8.1\Modules\"/>
		</Unit>
		<Unit filename="/Users/weiyang/Downloads/EventQtSlotConnect/../../../../usr/local/lib/cmake/vtk-8.1/Modules/vtkCommonTransforms.cmake">
			<Option virtualFolder="CMake Files\..\..\..\..\usr\local\lib\cmake\vtk-8.1\Modules\"/>
		</Unit>
		<Unit filename="/Users/weiyang/Downloads/EventQtSlotConnect/../../../../usr/local/lib/cmake/vtk-8.1/Modules/vtkDICOMParser.cmake">
			<Option virtualFolder="CMake Files\..\..\..\..\usr\local\lib\cmake\vtk-8.1\Modules\"/>
		</Unit>
		<Unit filename="/Users/weiyang/Downloads/EventQtSlotConnect/../../../../usr/local/lib/cmake/vtk-8.1/Modules/vtkDomainsChemistry.cmake">
			<Option virtualFolder="CMake Files\..\..\..\..\usr\local\lib\cmake\vtk-8.1\Modules\"/>
		</Unit>
		<Unit filename="/Users/weiyang/Downloads/EventQtSlotConnect/../../../../usr/local/lib/cmake/vtk-8.1/Modules/vtkDomainsChemistryOpenGL2.cmake">
			<Option virtualFolder="CMake Files\..\..\..\..\usr\local\lib\cmake\vtk-8.1\Modules\"/>
		</Unit>
		<Unit filename="/Users/weiyang/Downloads/EventQtSlotConnect/../../../../usr/local/lib/cmake/vtk-8.1/Modules/vtkFiltersAMR.cmake">
			<Option virtualFolder="CMake Files\..\..\..\..\usr\local\lib\cmake\vtk-8.1\Modules\"/>
		</Unit>
		<Unit filename="/Users/weiyang/Downloads/EventQtSlotConnect/../../../../usr/local/lib/cmake/vtk-8.1/Modules/vtkFiltersCore.cmake">
			<Option virtualFolder="CMake Files\..\..\..\..\usr\local\lib\cmake\vtk-8.1\Modules\"/>
		</Unit>
		<Unit filename="/Users/weiyang/Downloads/EventQtSlotConnect/../../../../usr/local/lib/cmake/vtk-8.1/Modules/vtkFiltersExtraction.cmake">
			<Option virtualFolder="CMake Files\..\..\..\..\usr\local\lib\cmake\vtk-8.1\Modules\"/>
		</Unit>
		<Unit filename="/Users/weiyang/Downloads/EventQtSlotConnect/../../../../usr/local/lib/cmake/vtk-8.1/Modules/vtkFiltersFlowPaths.cmake">
			<Option virtualFolder="CMake Files\..\..\..\..\usr\local\lib\cmake\vtk-8.1\Modules\"/>
		</Unit>
		<Unit filename="/Users/weiyang/Downloads/EventQtSlotConnect/../../../../usr/local/lib/cmake/vtk-8.1/Modules/vtkFiltersGeneral.cmake">
			<Option virtualFolder="CMake Files\..\..\..\..\usr\local\lib\cmake\vtk-8.1\Modules\"/>
		</Unit>
		<Unit filename="/Users/weiyang/Downloads/EventQtSlotConnect/../../../../usr/local/lib/cmake/vtk-8.1/Modules/vtkFiltersGeneric.cmake">
			<Option virtualFolder="CMake Files\..\..\..\..\usr\local\lib\cmake\vtk-8.1\Modules\"/>
		</Unit>
		<Unit filename="/Users/weiyang/Downloads/EventQtSlotConnect/../../../../usr/local/lib/cmake/vtk-8.1/Modules/vtkFiltersGeometry.cmake">
			<Option virtualFolder="CMake Files\..\..\..\..\usr\local\lib\cmake\vtk-8.1\Modules\"/>
		</Unit>
		<Unit filename="/Users/weiyang/Downloads/EventQtSlotConnect/../../../../usr/local/lib/cmake/vtk-8.1/Modules/vtkFiltersHybrid.cmake">
			<Option virtualFolder="CMake Files\..\..\..\..\usr\local\lib\cmake\vtk-8.1\Modules\"/>
		</Unit>
		<Unit filename="/Users/weiyang/Downloads/EventQtSlotConnect/../../../../usr/local/lib/cmake/vtk-8.1/Modules/vtkFiltersHyperTree.cmake">
			<Option virtualFolder="CMake Files\..\..\..\..\usr\local\lib\cmake\vtk-8.1\Modules\"/>
		</Unit>
		<Unit filename="/Users/weiyang/Downloads/EventQtSlotConnect/../../../../usr/local/lib/cmake/vtk-8.1/Modules/vtkFiltersImaging.cmake">
			<Option virtualFolder="CMake Files\..\..\..\..\usr\local\lib\cmake\vtk-8.1\Modules\"/>
		</Unit>
		<Unit filename="/Users/weiyang/Downloads/EventQtSlotConnect/../../../../usr/local/lib/cmake/vtk-8.1/Modules/vtkFiltersModeling.cmake">
			<Option virtualFolder="CMake Files\..\..\..\..\usr\local\lib\cmake\vtk-8.1\Modules\"/>
		</Unit>
		<Unit filename="/Users/weiyang/Downloads/EventQtSlotConnect/../../../../usr/local/lib/cmake/vtk-8.1/Modules/vtkFiltersParallel.cmake">
			<Option virtualFolder="CMake Files\..\..\..\..\usr\local\lib\cmake\vtk-8.1\Modules\"/>
		</Unit>
		<Unit filename="/Users/weiyang/Downloads/EventQtSlotConnect/../../../../usr/local/lib/cmake/vtk-8.1/Modules/vtkFiltersParallelImaging.cmake">
			<Option virtualFolder="CMake Files\..\..\..\..\usr\local\lib\cmake\vtk-8.1\Modules\"/>
		</Unit>
		<Unit filename="/Users/weiyang/Downloads/EventQtSlotConnect/../../../../usr/local/lib/cmake/vtk-8.1/Modules/vtkFiltersPoints.cmake">
			<Option virtualFolder="CMake Files\..\..\..\..\usr\local\lib\cmake\vtk-8.1\Modules\"/>
		</Unit>
		<Unit filename="/Users/weiyang/Downloads/EventQtSlotConnect/../../../../usr/local/lib/cmake/vtk-8.1/Modules/vtkFiltersProgrammable.cmake">
			<Option virtualFolder="CMake Files\..\..\..\..\usr\local\lib\cmake\vtk-8.1\Modules\"/>
		</Unit>
		<Unit filename="/Users/weiyang/Downloads/EventQtSlotConnect/../../../../usr/local/lib/cmake/vtk-8.1/Modules/vtkFiltersSMP.cmake">
			<Option virtualFolder="CMake Files\..\..\..\..\usr\local\lib\cmake\vtk-8.1\Modules\"/>
		</Unit>
		<Unit filename="/Users/weiyang/Downloads/EventQtSlotConnect/../../../../usr/local/lib/cmake/vtk-8.1/Modules/vtkFiltersSelection.cmake">
			<Option virtualFolder="CMake Files\..\..\..\..\usr\local\lib\cmake\vtk-8.1\Modules\"/>
		</Unit>
		<Unit filename="/Users/weiyang/Downloads/EventQtSlotConnect/../../../../usr/local/lib/cmake/vtk-8.1/Modules/vtkFiltersSources.cmake">
			<Option virtualFolder="CMake Files\..\..\..\..\usr\local\lib\cmake\vtk-8.1\Modules\"/>
		</Unit>
		<Unit filename="/Users/weiyang/Downloads/EventQtSlotConnect/../../../../usr/local/lib/cmake/vtk-8.1/Modules/vtkFiltersStatistics.cmake">
			<Option virtualFolder="CMake Files\..\..\..\..\usr\local\lib\cmake\vtk-8.1\Modules\"/>
		</Unit>
		<Unit filename="/Users/weiyang/Downloads/EventQtSlotConnect/../../../../usr/local/lib/cmake/vtk-8.1/Modules/vtkFiltersTexture.cmake">
			<Option virtualFolder="CMake Files\..\..\..\..\usr\local\lib\cmake\vtk-8.1\Modules\"/>
		</Unit>
		<Unit filename="/Users/weiyang/Downloads/EventQtSlotConnect/../../../../usr/local/lib/cmake/vtk-8.1/Modules/vtkFiltersTopology.cmake">
			<Option virtualFolder="CMake Files\..\..\..\..\usr\local\lib\cmake\vtk-8.1\Modules\"/>
		</Unit>
		<Unit filename="/Users/weiyang/Downloads/EventQtSlotConnect/../../../../usr/local/lib/cmake/vtk-8.1/Modules/vtkFiltersVerdict.cmake">
			<Option virtualFolder="CMake Files\..\..\..\..\usr\local\lib\cmake\vtk-8.1\Modules\"/>
		</Unit>
		<Unit filename="/Users/weiyang/Downloads/EventQtSlotConnect/../../../../usr/local/lib/cmake/vtk-8.1/Modules/vtkGUISupportQt.cmake">
			<Option virtualFolder="CMake Files\..\..\..\..\usr\local\lib\cmake\vtk-8.1\Modules\"/>
		</Unit>
		<Unit filename="/Users/weiyang/Downloads/EventQtSlotConnect/../../../../usr/local/lib/cmake/vtk-8.1/Modules/vtkGUISupportQtOpenGL.cmake">
			<Option virtualFolder="CMake Files\..\..\..\..\usr\local\lib\cmake\vtk-8.1\Modules\"/>
		</Unit>
		<Unit filename="/Users/weiyang/Downloads/EventQtSlotConnect/../../../../usr/local/lib/cmake/vtk-8.1/Modules/vtkGUISupportQtSQL.cmake">
			<Option virtualFolder="CMake Files\..\..\..\..\usr\local\lib\cmake\vtk-8.1\Modules\"/>
		</Unit>
		<Unit filename="/Users/weiyang/Downloads/EventQtSlotConnect/../../../../usr/local/lib/cmake/vtk-8.1/Modules/vtkGeovisCore.cmake">
			<Option virtualFolder="CMake Files\..\..\..\..\usr\local\lib\cmake\vtk-8.1\Modules\"/>
		</Unit>
		<Unit filename="/Users/weiyang/Downloads/EventQtSlotConnect/../../../../usr/local/lib/cmake/vtk-8.1/Modules/vtkIOAMR.cmake">
			<Option virtualFolder="CMake Files\..\..\..\..\usr\local\lib\cmake\vtk-8.1\Modules\"/>
		</Unit>
		<Unit filename="/Users/weiyang/Downloads/EventQtSlotConnect/../../../../usr/local/lib/cmake/vtk-8.1/Modules/vtkIOCore.cmake">
			<Option virtualFolder="CMake Files\..\..\..\..\usr\local\lib\cmake\vtk-8.1\Modules\"/>
		</Unit>
		<Unit filename="/Users/weiyang/Downloads/EventQtSlotConnect/../../../../usr/local/lib/cmake/vtk-8.1/Modules/vtkIOEnSight.cmake">
			<Option virtualFolder="CMake Files\..\..\..\..\usr\local\lib\cmake\vtk-8.1\Modules\"/>
		</Unit>
		<Unit filename="/Users/weiyang/Downloads/EventQtSlotConnect/../../../../usr/local/lib/cmake/vtk-8.1/Modules/vtkIOExodus.cmake">
			<Option virtualFolder="CMake Files\..\..\..\..\usr\local\lib\cmake\vtk-8.1\Modules\"/>
		</Unit>
		<Unit filename="/Users/weiyang/Downloads/EventQtSlotConnect/../../../../usr/local/lib/cmake/vtk-8.1/Modules/vtkIOExport.cmake">
			<Option virtualFolder="CMake Files\..\..\..\..\usr\local\lib\cmake\vtk-8.1\Modules\"/>
		</Unit>
		<Unit filename="/Users/weiyang/Downloads/EventQtSlotConnect/../../../../usr/local/lib/cmake/vtk-8.1/Modules/vtkIOExportOpenGL2.cmake">
			<Option virtualFolder="CMake Files\..\..\..\..\usr\local\lib\cmake\vtk-8.1\Modules\"/>
		</Unit>
		<Unit filename="/Users/weiyang/Downloads/EventQtSlotConnect/../../../../usr/local/lib/cmake/vtk-8.1/Modules/vtkIOGeometry.cmake">
			<Option virtualFolder="CMake Files\..\..\..\..\usr\local\lib\cmake\vtk-8.1\Modules\"/>
		</Unit>
		<Unit filename="/Users/weiyang/Downloads/EventQtSlotConnect/../../../../usr/local/lib/cmake/vtk-8.1/Modules/vtkIOImage.cmake">
			<Option virtualFolder="CMake Files\..\..\..\..\usr\local\lib\cmake\vtk-8.1\Modules\"/>
		</Unit>
		<Unit filename="/Users/weiyang/Downloads/EventQtSlotConnect/../../../../usr/local/lib/cmake/vtk-8.1/Modules/vtkIOImport.cmake">
			<Option virtualFolder="CMake Files\..\..\..\..\usr\local\lib\cmake\vtk-8.1\Modules\"/>
		</Unit>
		<Unit filename="/Users/weiyang/Downloads/EventQtSlotConnect/../../../../usr/local/lib/cmake/vtk-8.1/Modules/vtkIOInfovis.cmake">
			<Option virtualFolder="CMake Files\..\..\..\..\usr\local\lib\cmake\vtk-8.1\Modules\"/>
		</Unit>
		<Unit filename="/Users/weiyang/Downloads/EventQtSlotConnect/../../../../usr/local/lib/cmake/vtk-8.1/Modules/vtkIOLSDyna.cmake">
			<Option virtualFolder="CMake Files\..\..\..\..\usr\local\lib\cmake\vtk-8.1\Modules\"/>
		</Unit>
		<Unit filename="/Users/weiyang/Downloads/EventQtSlotConnect/../../../../usr/local/lib/cmake/vtk-8.1/Modules/vtkIOLegacy.cmake">
			<Option virtualFolder="CMake Files\..\..\..\..\usr\local\lib\cmake\vtk-8.1\Modules\"/>
		</Unit>
		<Unit filename="/Users/weiyang/Downloads/EventQtSlotConnect/../../../../usr/local/lib/cmake/vtk-8.1/Modules/vtkIOMINC.cmake">
			<Option virtualFolder="CMake Files\..\..\..\..\usr\local\lib\cmake\vtk-8.1\Modules\"/>
		</Unit>
		<Unit filename="/Users/weiyang/Downloads/EventQtSlotConnect/../../../../usr/local/lib/cmake/vtk-8.1/Modules/vtkIOMovie.cmake">
			<Option virtualFolder="CMake Files\..\..\..\..\usr\local\lib\cmake\vtk-8.1\Modules\"/>
		</Unit>
		<Unit filename="/Users/weiyang/Downloads/EventQtSlotConnect/../../../../usr/local/lib/cmake/vtk-8.1/Modules/vtkIONetCDF.cmake">
			<Option virtualFolder="CMake Files\..\..\..\..\usr\local\lib\cmake\vtk-8.1\Modules\"/>
		</Unit>
		<Unit filename="/Users/weiyang/Downloads/EventQtSlotConnect/../../../../usr/local/lib/cmake/vtk-8.1/Modules/vtkIOPLY.cmake">
			<Option virtualFolder="CMake Files\..\..\..\..\usr\local\lib\cmake\vtk-8.1\Modules\"/>
		</Unit>
		<Unit filename="/Users/weiyang/Downloads/EventQtSlotConnect/../../../../usr/local/lib/cmake/vtk-8.1/Modules/vtkIOParallel.cmake">
			<Option virtualFolder="CMake Files\..\..\..\..\usr\local\lib\cmake\vtk-8.1\Modules\"/>
		</Unit>
		<Unit filename="/Users/weiyang/Downloads/EventQtSlotConnect/../../../../usr/local/lib/cmake/vtk-8.1/Modules/vtkIOParallelXML.cmake">
			<Option virtualFolder="CMake Files\..\..\..\..\usr\local\lib\cmake\vtk-8.1\Modules\"/>
		</Unit>
		<Unit filename="/Users/weiyang/Downloads/EventQtSlotConnect/../../../../usr/local/lib/cmake/vtk-8.1/Modules/vtkIOSQL.cmake">
			<Option virtualFolder="CMake Files\..\..\..\..\usr\local\lib\cmake\vtk-8.1\Modules\"/>
		</Unit>
		<Unit filename="/Users/weiyang/Downloads/EventQtSlotConnect/../../../../usr/local/lib/cmake/vtk-8.1/Modules/vtkIOTecplotTable.cmake">
			<Option virtualFolder="CMake Files\..\..\..\..\usr\local\lib\cmake\vtk-8.1\Modules\"/>
		</Unit>
		<Unit filename="/Users/weiyang/Downloads/EventQtSlotConnect/../../../../usr/local/lib/cmake/vtk-8.1/Modules/vtkIOVideo.cmake">
			<Option virtualFolder="CMake Files\..\..\..\..\usr\local\lib\cmake\vtk-8.1\Modules\"/>
		</Unit>
		<Unit filename="/Users/weiyang/Downloads/EventQtSlotConnect/../../../../usr/local/lib/cmake/vtk-8.1/Modules/vtkIOXML.cmake">
			<Option virtualFolder="CMake Files\..\..\..\..\usr\local\lib\cmake\vtk-8.1\Modules\"/>
		</Unit>
		<Unit filename="/Users/weiyang/Downloads/EventQtSlotConnect/../../../../usr/local/lib/cmake/vtk-8.1/Modules/vtkIOXMLParser.cmake">
			<Option virtualFolder="CMake Files\..\..\..\..\usr\local\lib\cmake\vtk-8.1\Modules\"/>
		</Unit>
		<Unit filename="/Users/weiyang/Downloads/EventQtSlotConnect/../../../../usr/local/lib/cmake/vtk-8.1/Modules/vtkImagingColor.cmake">
			<Option virtualFolder="CMake Files\..\..\..\..\usr\local\lib\cmake\vtk-8.1\Modules\"/>
		</Unit>
		<Unit filename="/Users/weiyang/Downloads/EventQtSlotConnect/../../../../usr/local/lib/cmake/vtk-8.1/Modules/vtkImagingCore.cmake">
			<Option virtualFolder="CMake Files\..\..\..\..\usr\local\lib\cmake\vtk-8.1\Modules\"/>
		</Unit>
		<Unit filename="/Users/weiyang/Downloads/EventQtSlotConnect/../../../../usr/local/lib/cmake/vtk-8.1/Modules/vtkImagingFourier.cmake">
			<Option virtualFolder="CMake Files\..\..\..\..\usr\local\lib\cmake\vtk-8.1\Modules\"/>
		</Unit>
		<Unit filename="/Users/weiyang/Downloads/EventQtSlotConnect/../../../../usr/local/lib/cmake/vtk-8.1/Modules/vtkImagingGeneral.cmake">
			<Option virtualFolder="CMake Files\..\..\..\..\usr\local\lib\cmake\vtk-8.1\Modules\"/>
		</Unit>
		<Unit filename="/Users/weiyang/Downloads/EventQtSlotConnect/../../../../usr/local/lib/cmake/vtk-8.1/Modules/vtkImagingHybrid.cmake">
			<Option virtualFolder="CMake Files\..\..\..\..\usr\local\lib\cmake\vtk-8.1\Modules\"/>
		</Unit>
		<Unit filename="/Users/weiyang/Downloads/EventQtSlotConnect/../../../../usr/local/lib/cmake/vtk-8.1/Modules/vtkImagingMath.cmake">
			<Option virtualFolder="CMake Files\..\..\..\..\usr\local\lib\cmake\vtk-8.1\Modules\"/>
		</Unit>
		<Unit filename="/Users/weiyang/Downloads/EventQtSlotConnect/../../../../usr/local/lib/cmake/vtk-8.1/Modules/vtkImagingMorphological.cmake">
			<Option virtualFolder="CMake Files\..\..\..\..\usr\local\lib\cmake\vtk-8.1\Modules\"/>
		</Unit>
		<Unit filename="/Users/weiyang/Downloads/EventQtSlotConnect/../../../../usr/local/lib/cmake/vtk-8.1/Modules/vtkImagingSources.cmake">
			<Option virtualFolder="CMake Files\..\..\..\..\usr\local\lib\cmake\vtk-8.1\Modules\"/>
		</Unit>
		<Unit filename="/Users/weiyang/Downloads/EventQtSlotConnect/../../../../usr/local/lib/cmake/vtk-8.1/Modules/vtkImagingStatistics.cmake">
			<Option virtualFolder="CMake Files\..\..\..\..\usr\local\lib\cmake\vtk-8.1\Modules\"/>
		</Unit>
		<Unit filename="/Users/weiyang/Downloads/EventQtSlotConnect/../../../../usr/local/lib/cmake/vtk-8.1/Modules/vtkImagingStencil.cmake">
			<Option virtualFolder="CMake Files\..\..\..\..\usr\local\lib\cmake\vtk-8.1\Modules\"/>
		</Unit>
		<Unit filename="/Users/weiyang/Downloads/EventQtSlotConnect/../../../../usr/local/lib/cmake/vtk-8.1/Modules/vtkInfovisCore.cmake">
			<Option virtualFolder="CMake Files\..\..\..\..\usr\local\lib\cmake\vtk-8.1\Modules\"/>
		</Unit>
		<Unit filename="/Users/weiyang/Downloads/EventQtSlotConnect/../../../../usr/local/lib/cmake/vtk-8.1/Modules/vtkInfovisLayout.cmake">
			<Option virtualFolder="CMake Files\..\..\..\..\usr\local\lib\cmake\vtk-8.1\Modules\"/>
		</Unit>
		<Unit filename="/Users/weiyang/Downloads/EventQtSlotConnect/../../../../usr/local/lib/cmake/vtk-8.1/Modules/vtkInteractionImage.cmake">
			<Option virtualFolder="CMake Files\..\..\..\..\usr\local\lib\cmake\vtk-8.1\Modules\"/>
		</Unit>
		<Unit filename="/Users/weiyang/Downloads/EventQtSlotConnect/../../../../usr/local/lib/cmake/vtk-8.1/Modules/vtkInteractionStyle.cmake">
			<Option virtualFolder="CMake Files\..\..\..\..\usr\local\lib\cmake\vtk-8.1\Modules\"/>
		</Unit>
		<Unit filename="/Users/weiyang/Downloads/EventQtSlotConnect/../../../../usr/local/lib/cmake/vtk-8.1/Modules/vtkInteractionWidgets.cmake">
			<Option virtualFolder="CMake Files\..\..\..\..\usr\local\lib\cmake\vtk-8.1\Modules\"/>
		</Unit>
		<Unit filename="/Users/weiyang/Downloads/EventQtSlotConnect/../../../../usr/local/lib/cmake/vtk-8.1/Modules/vtkMetaIO.cmake">
			<Option virtualFolder="CMake Files\..\..\..\..\usr\local\lib\cmake\vtk-8.1\Modules\"/>
		</Unit>
		<Unit filename="/Users/weiyang/Downloads/EventQtSlotConnect/../../../../usr/local/lib/cmake/vtk-8.1/Modules/vtkParallelCore.cmake">
			<Option virtualFolder="CMake Files\..\..\..\..\usr\local\lib\cmake\vtk-8.1\Modules\"/>
		</Unit>
		<Unit filename="/Users/weiyang/Downloads/EventQtSlotConnect/../../../../usr/local/lib/cmake/vtk-8.1/Modules/vtkRenderingAnnotation.cmake">
			<Option virtualFolder="CMake Files\..\..\..\..\usr\local\lib\cmake\vtk-8.1\Modules\"/>
		</Unit>
		<Unit filename="/Users/weiyang/Downloads/EventQtSlotConnect/../../../../usr/local/lib/cmake/vtk-8.1/Modules/vtkRenderingContext2D.cmake">
			<Option virtualFolder="CMake Files\..\..\..\..\usr\local\lib\cmake\vtk-8.1\Modules\"/>
		</Unit>
		<Unit filename="/Users/weiyang/Downloads/EventQtSlotConnect/../../../../usr/local/lib/cmake/vtk-8.1/Modules/vtkRenderingContextOpenGL2.cmake">
			<Option virtualFolder="CMake Files\..\..\..\..\usr\local\lib\cmake\vtk-8.1\Modules\"/>
		</Unit>
		<Unit filename="/Users/weiyang/Downloads/EventQtSlotConnect/../../../../usr/local/lib/cmake/vtk-8.1/Modules/vtkRenderingCore.cmake">
			<Option virtualFolder="CMake Files\..\..\..\..\usr\local\lib\cmake\vtk-8.1\Modules\"/>
		</Unit>
		<Unit filename="/Users/weiyang/Downloads/EventQtSlotConnect/../../../../usr/local/lib/cmake/vtk-8.1/Modules/vtkRenderingFreeType.cmake">
			<Option virtualFolder="CMake Files\..\..\..\..\usr\local\lib\cmake\vtk-8.1\Modules\"/>
		</Unit>
		<Unit filename="/Users/weiyang/Downloads/EventQtSlotConnect/../../../../usr/local/lib/cmake/vtk-8.1/Modules/vtkRenderingGL2PSOpenGL2.cmake">
			<Option virtualFolder="CMake Files\..\..\..\..\usr\local\lib\cmake\vtk-8.1\Modules\"/>
		</Unit>
		<Unit filename="/Users/weiyang/Downloads/EventQtSlotConnect/../../../../usr/local/lib/cmake/vtk-8.1/Modules/vtkRenderingImage.cmake">
			<Option virtualFolder="CMake Files\..\..\..\..\usr\local\lib\cmake\vtk-8.1\Modules\"/>
		</Unit>
		<Unit filename="/Users/weiyang/Downloads/EventQtSlotConnect/../../../../usr/local/lib/cmake/vtk-8.1/Modules/vtkRenderingLOD.cmake">
			<Option virtualFolder="CMake Files\..\..\..\..\usr\local\lib\cmake\vtk-8.1\Modules\"/>
		</Unit>
		<Unit filename="/Users/weiyang/Downloads/EventQtSlotConnect/../../../../usr/local/lib/cmake/vtk-8.1/Modules/vtkRenderingLabel.cmake">
			<Option virtualFolder="CMake Files\..\..\..\..\usr\local\lib\cmake\vtk-8.1\Modules\"/>
		</Unit>
		<Unit filename="/Users/weiyang/Downloads/EventQtSlotConnect/../../../../usr/local/lib/cmake/vtk-8.1/Modules/vtkRenderingOpenGL2.cmake">
			<Option virtualFolder="CMake Files\..\..\..\..\usr\local\lib\cmake\vtk-8.1\Modules\"/>
		</Unit>
		<Unit filename="/Users/weiyang/Downloads/EventQtSlotConnect/../../../../usr/local/lib/cmake/vtk-8.1/Modules/vtkRenderingQt.cmake">
			<Option virtualFolder="CMake Files\..\..\..\..\usr\local\lib\cmake\vtk-8.1\Modules\"/>
		</Unit>
		<Unit filename="/Users/weiyang/Downloads/EventQtSlotConnect/../../../../usr/local/lib/cmake/vtk-8.1/Modules/vtkRenderingVolume.cmake">
			<Option virtualFolder="CMake Files\..\..\..\..\usr\local\lib\cmake\vtk-8.1\Modules\"/>
		</Unit>
		<Unit filename="/Users/weiyang/Downloads/EventQtSlotConnect/../../../../usr/local/lib/cmake/vtk-8.1/Modules/vtkRenderingVolumeOpenGL2.cmake">
			<Option virtualFolder="CMake Files\..\..\..\..\usr\local\lib\cmake\vtk-8.1\Modules\"/>
		</Unit>
		<Unit filename="/Users/weiyang/Downloads/EventQtSlotConnect/../../../../usr/local/lib/cmake/vtk-8.1/Modules/vtkUtilitiesEncodeString.cmake">
			<Option virtualFolder="CMake Files\..\..\..\..\usr\local\lib\cmake\vtk-8.1\Modules\"/>
		</Unit>
		<Unit filename="/Users/weiyang/Downloads/EventQtSlotConnect/../../../../usr/local/lib/cmake/vtk-8.1/Modules/vtkUtilitiesHashSource.cmake">
			<Option virtualFolder="CMake Files\..\..\..\..\usr\local\lib\cmake\vtk-8.1\Modules\"/>
		</Unit>
		<Unit filename="/Users/weiyang/Downloads/EventQtSlotConnect/../../../../usr/local/lib/cmake/vtk-8.1/Modules/vtkViewsContext2D.cmake">
			<Option virtualFolder="CMake Files\..\..\..\..\usr\local\lib\cmake\vtk-8.1\Modules\"/>
		</Unit>
		<Unit filename="/Users/weiyang/Downloads/EventQtSlotConnect/../../../../usr/local/lib/cmake/vtk-8.1/Modules/vtkViewsCore.cmake">
			<Option virtualFolder="CMake Files\..\..\..\..\usr\local\lib\cmake\vtk-8.1\Modules\"/>
		</Unit>
		<Unit filename="/Users/weiyang/Downloads/EventQtSlotConnect/../../../../usr/local/lib/cmake/vtk-8.1/Modules/vtkViewsInfovis.cmake">
			<Option virtualFolder="CMake Files\..\..\..\..\usr\local\lib\cmake\vtk-8.1\Modules\"/>
		</Unit>
		<Unit filename="/Users/weiyang/Downloads/EventQtSlotConnect/../../../../usr/local/lib/cmake/vtk-8.1/Modules/vtkViewsQt.cmake">
			<Option virtualFolder="CMake Files\..\..\..\..\usr\local\lib\cmake\vtk-8.1\Modules\"/>
		</Unit>
		<Unit filename="/Users/weiyang/Downloads/EventQtSlotConnect/../../../../usr/local/lib/cmake/vtk-8.1/Modules/vtkalglib.cmake">
			<Option virtualFolder="CMake Files\..\..\..\..\usr\local\lib\cmake\vtk-8.1\Modules\"/>
		</Unit>
		<Unit filename="/Users/weiyang/Downloads/EventQtSlotConnect/../../../../usr/local/lib/cmake/vtk-8.1/Modules/vtkexodusII.cmake">
			<Option virtualFolder="CMake Files\..\..\..\..\usr\local\lib\cmake\vtk-8.1\Modules\"/>
		</Unit>
		<Unit filename="/Users/weiyang/Downloads/EventQtSlotConnect/../../../../usr/local/lib/cmake/vtk-8.1/Modules/vtkexpat.cmake">
			<Option virtualFolder="CMake Files\..\..\..\..\usr\local\lib\cmake\vtk-8.1\Modules\"/>
		</Unit>
		<Unit filename="/Users/weiyang/Downloads/EventQtSlotConnect/../../../../usr/local/lib/cmake/vtk-8.1/Modules/vtkfreetype.cmake">
			<Option virtualFolder="CMake Files\..\..\..\..\usr\local\lib\cmake\vtk-8.1\Modules\"/>
		</Unit>
		<Unit filename="/Users/weiyang/Downloads/EventQtSlotConnect/../../../../usr/local/lib/cmake/vtk-8.1/Modules/vtkgl2ps.cmake">
			<Option virtualFolder="CMake Files\..\..\..\..\usr\local\lib\cmake\vtk-8.1\Modules\"/>
		</Unit>
		<Unit filename="/Users/weiyang/Downloads/EventQtSlotConnect/../../../../usr/local/lib/cmake/vtk-8.1/Modules/vtkglew.cmake">
			<Option virtualFolder="CMake Files\..\..\..\..\usr\local\lib\cmake\vtk-8.1\Modules\"/>
		</Unit>
		<Unit filename="/Users/weiyang/Downloads/EventQtSlotConnect/../../../../usr/local/lib/cmake/vtk-8.1/Modules/vtkhdf5.cmake">
			<Option virtualFolder="CMake Files\..\..\..\..\usr\local\lib\cmake\vtk-8.1\Modules\"/>
		</Unit>
		<Unit filename="/Users/weiyang/Downloads/EventQtSlotConnect/../../../../usr/local/lib/cmake/vtk-8.1/Modules/vtkjpeg.cmake">
			<Option virtualFolder="CMake Files\..\..\..\..\usr\local\lib\cmake\vtk-8.1\Modules\"/>
		</Unit>
		<Unit filename="/Users/weiyang/Downloads/EventQtSlotConnect/../../../../usr/local/lib/cmake/vtk-8.1/Modules/vtkjsoncpp.cmake">
			<Option virtualFolder="CMake Files\..\..\..\..\usr\local\lib\cmake\vtk-8.1\Modules\"/>
		</Unit>
		<Unit filename="/Users/weiyang/Downloads/EventQtSlotConnect/../../../../usr/local/lib/cmake/vtk-8.1/Modules/vtkkwiml.cmake">
			<Option virtualFolder="CMake Files\..\..\..\..\usr\local\lib\cmake\vtk-8.1\Modules\"/>
		</Unit>
		<Unit filename="/Users/weiyang/Downloads/EventQtSlotConnect/../../../../usr/local/lib/cmake/vtk-8.1/Modules/vtklibharu.cmake">
			<Option virtualFolder="CMake Files\..\..\..\..\usr\local\lib\cmake\vtk-8.1\Modules\"/>
		</Unit>
		<Unit filename="/Users/weiyang/Downloads/EventQtSlotConnect/../../../../usr/local/lib/cmake/vtk-8.1/Modules/vtklibproj4.cmake">
			<Option virtualFolder="CMake Files\..\..\..\..\usr\local\lib\cmake\vtk-8.1\Modules\"/>
		</Unit>
		<Unit filename="/Users/weiyang/Downloads/EventQtSlotConnect/../../../../usr/local/lib/cmake/vtk-8.1/Modules/vtklibxml2.cmake">
			<Option virtualFolder="CMake Files\..\..\..\..\usr\local\lib\cmake\vtk-8.1\Modules\"/>
		</Unit>
		<Unit filename="/Users/weiyang/Downloads/EventQtSlotConnect/../../../../usr/local/lib/cmake/vtk-8.1/Modules/vtklz4.cmake">
			<Option virtualFolder="CMake Files\..\..\..\..\usr\local\lib\cmake\vtk-8.1\Modules\"/>
		</Unit>
		<Unit filename="/Users/weiyang/Downloads/EventQtSlotConnect/../../../../usr/local/lib/cmake/vtk-8.1/Modules/vtknetcdf.cmake">
			<Option virtualFolder="CMake Files\..\..\..\..\usr\local\lib\cmake\vtk-8.1\Modules\"/>
		</Unit>
		<Unit filename="/Users/weiyang/Downloads/EventQtSlotConnect/../../../../usr/local/lib/cmake/vtk-8.1/Modules/vtknetcdfcpp.cmake">
			<Option virtualFolder="CMake Files\..\..\..\..\usr\local\lib\cmake\vtk-8.1\Modules\"/>
		</Unit>
		<Unit filename="/Users/weiyang/Downloads/EventQtSlotConnect/../../../../usr/local/lib/cmake/vtk-8.1/Modules/vtkoggtheora.cmake">
			<Option virtualFolder="CMake Files\..\..\..\..\usr\local\lib\cmake\vtk-8.1\Modules\"/>
		</Unit>
		<Unit filename="/Users/weiyang/Downloads/EventQtSlotConnect/../../../../usr/local/lib/cmake/vtk-8.1/Modules/vtkpng.cmake">
			<Option virtualFolder="CMake Files\..\..\..\..\usr\local\lib\cmake\vtk-8.1\Modules\"/>
		</Unit>
		<Unit filename="/Users/weiyang/Downloads/EventQtSlotConnect/../../../../usr/local/lib/cmake/vtk-8.1/Modules/vtksqlite.cmake">
			<Option virtualFolder="CMake Files\..\..\..\..\usr\local\lib\cmake\vtk-8.1\Modules\"/>
		</Unit>
		<Unit filename="/Users/weiyang/Downloads/EventQtSlotConnect/../../../../usr/local/lib/cmake/vtk-8.1/Modules/vtksys.cmake">
			<Option virtualFolder="CMake Files\..\..\..\..\usr\local\lib\cmake\vtk-8.1\Modules\"/>
		</Unit>
		<Unit filename="/Users/weiyang/Downloads/EventQtSlotConnect/../../../../usr/local/lib/cmake/vtk-8.1/Modules/vtktiff.cmake">
			<Option virtualFolder="CMake Files\..\..\..\..\usr\local\lib\cmake\vtk-8.1\Modules\"/>
		</Unit>
		<Unit filename="/Users/weiyang/Downloads/EventQtSlotConnect/../../../../usr/local/lib/cmake/vtk-8.1/Modules/vtkverdict.cmake">
			<Option virtualFolder="CMake Files\..\..\..\..\usr\local\lib\cmake\vtk-8.1\Modules\"/>
		</Unit>
		<Unit filename="/Users/weiyang/Downloads/EventQtSlotConnect/../../../../usr/local/lib/cmake/vtk-8.1/Modules/vtkzlib.cmake">
			<Option virtualFolder="CMake Files\..\..\..\..\usr\local\lib\cmake\vtk-8.1\Modules\"/>
		</Unit>
		<Unit filename="/Users/weiyang/Downloads/EventQtSlotConnect/../../Qt5.9.2/5.9.2/clang_64/lib/cmake/Qt5/Qt5Config.cmake">
			<Option virtualFolder="CMake Files\..\..\Qt5.9.2\5.9.2\clang_64\lib\cmake\Qt5\"/>
		</Unit>
		<Unit filename="/Users/weiyang/Downloads/EventQtSlotConnect/../../Qt5.9.2/5.9.2/clang_64/lib/cmake/Qt5/Qt5ConfigVersion.cmake">
			<Option virtualFolder="CMake Files\..\..\Qt5.9.2\5.9.2\clang_64\lib\cmake\Qt5\"/>
		</Unit>
		<Unit filename="/Users/weiyang/Downloads/EventQtSlotConnect/../../Qt5.9.2/5.9.2/clang_64/lib/cmake/Qt5/Qt5ModuleLocation.cmake">
			<Option virtualFolder="CMake Files\..\..\Qt5.9.2\5.9.2\clang_64\lib\cmake\Qt5\"/>
		</Unit>
		<Unit filename="/Users/weiyang/Downloads/EventQtSlotConnect/../../Qt5.9.2/5.9.2/clang_64/lib/cmake/Qt5Widgets/Qt5WidgetsConfig.cmake">
			<Option virtualFolder="CMake Files\..\..\Qt5.9.2\5.9.2\clang_64\lib\cmake\Qt5Widgets\"/>
		</Unit>
		<Unit filename="/Users/weiyang/Downloads/EventQtSlotConnect/../../Qt5.9.2/5.9.2/clang_64/lib/cmake/Qt5Widgets/Qt5WidgetsConfigExtras.cmake">
			<Option virtualFolder="CMake Files\..\..\Qt5.9.2\5.9.2\clang_64\lib\cmake\Qt5Widgets\"/>
		</Unit>
		<Unit filename="/Users/weiyang/Downloads/EventQtSlotConnect/../../Qt5.9.2/5.9.2/clang_64/lib/cmake/Qt5Widgets/Qt5WidgetsConfigVersion.cmake">
			<Option virtualFolder="CMake Files\..\..\Qt5.9.2\5.9.2\clang_64\lib\cmake\Qt5Widgets\"/>
		</Unit>
		<Unit filename="/Users/weiyang/Downloads/EventQtSlotConnect/../../Qt5.9.2/5.9.2/clang_64/lib/cmake/Qt5Widgets/Qt5WidgetsMacros.cmake">
			<Option virtualFolder="CMake Files\..\..\Qt5.9.2\5.9.2\clang_64\lib\cmake\Qt5Widgets\"/>
		</Unit>
		<Unit filename="/Users/weiyang/Downloads/EventQtSlotConnect/../../Qt5.9.2/5.9.2/clang_64/lib/cmake/Qt5Gui/Qt5GuiConfig.cmake">
			<Option virtualFolder="CMake Files\..\..\Qt5.9.2\5.9.2\clang_64\lib\cmake\Qt5Gui\"/>
		</Unit>
		<Unit filename="/Users/weiyang/Downloads/EventQtSlotConnect/../../Qt5.9.2/5.9.2/clang_64/lib/cmake/Qt5Gui/Qt5GuiConfigExtras.cmake">
			<Option virtualFolder="CMake Files\..\..\Qt5.9.2\5.9.2\clang_64\lib\cmake\Qt5Gui\"/>
		</Unit>
		<Unit filename="/Users/weiyang/Downloads/EventQtSlotConnect/../../Qt5.9.2/5.9.2/clang_64/lib/cmake/Qt5Gui/Qt5GuiConfigVersion.cmake">
			<Option virtualFolder="CMake Files\..\..\Qt5.9.2\5.9.2\clang_64\lib\cmake\Qt5Gui\"/>
		</Unit>
		<Unit filename="/Users/weiyang/Downloads/EventQtSlotConnect/../../Qt5.9.2/5.9.2/clang_64/lib/cmake/Qt5Gui/Qt5Gui_QCocoaIntegrationPlugin.cmake">
			<Option virtualFolder="CMake Files\..\..\Qt5.9.2\5.9.2\clang_64\lib\cmake\Qt5Gui\"/>
		</Unit>
		<Unit filename="/Users/weiyang/Downloads/EventQtSlotConnect/../../Qt5.9.2/5.9.2/clang_64/lib/cmake/Qt5Gui/Qt5Gui_QGifPlugin.cmake">
			<Option virtualFolder="CMake Files\..\..\Qt5.9.2\5.9.2\clang_64\lib\cmake\Qt5Gui\"/>
		</Unit>
		<Unit filename="/Users/weiyang/Downloads/EventQtSlotConnect/../../Qt5.9.2/5.9.2/clang_64/lib/cmake/Qt5Gui/Qt5Gui_QICNSPlugin.cmake">
			<Option virtualFolder="CMake Files\..\..\Qt5.9.2\5.9.2\clang_64\lib\cmake\Qt5Gui\"/>
		</Unit>
		<Unit filename="/Users/weiyang/Downloads/EventQtSlotConnect/../../Qt5.9.2/5.9.2/clang_64/lib/cmake/Qt5Gui/Qt5Gui_QICOPlugin.cmake">
			<Option virtualFolder="CMake Files\..\..\Qt5.9.2\5.9.2\clang_64\lib\cmake\Qt5Gui\"/>
		</Unit>
		<Unit filename="/Users/weiyang/Downloads/EventQtSlotConnect/../../Qt5.9.2/5.9.2/clang_64/lib/cmake/Qt5Gui/Qt5Gui_QJpegPlugin.cmake">
			<Option virtualFolder="CMake Files\..\..\Qt5.9.2\5.9.2\clang_64\lib\cmake\Qt5Gui\"/>
		</Unit>
		<Unit filename="/Users/weiyang/Downloads/EventQtSlotConnect/../../Qt5.9.2/5.9.2/clang_64/lib/cmake/Qt5Gui/Qt5Gui_QMacJp2Plugin.cmake">
			<Option virtualFolder="CMake Files\..\..\Qt5.9.2\5.9.2\clang_64\lib\cmake\Qt5Gui\"/>
		</Unit>
		<Unit filename="/Users/weiyang/Downloads/EventQtSlotConnect/../../Qt5.9.2/5.9.2/clang_64/lib/cmake/Qt5Gui/Qt5Gui_QMinimalIntegrationPlugin.cmake">
			<Option virtualFolder="CMake Files\..\..\Qt5.9.2\5.9.2\clang_64\lib\cmake\Qt5Gui\"/>
		</Unit>
		<Unit filename="/Users/weiyang/Downloads/EventQtSlotConnect/../../Qt5.9.2/5.9.2/clang_64/lib/cmake/Qt5Gui/Qt5Gui_QOffscreenIntegrationPlugin.cmake">
			<Option virtualFolder="CMake Files\..\..\Qt5.9.2\5.9.2\clang_64\lib\cmake\Qt5Gui\"/>
		</Unit>
		<Unit filename="/Users/weiyang/Downloads/EventQtSlotConnect/../../Qt5.9.2/5.9.2/clang_64/lib/cmake/Qt5Gui/Qt5Gui_QTgaPlugin.cmake">
			<Option virtualFolder="CMake Files\..\..\Qt5.9.2\5.9.2\clang_64\lib\cmake\Qt5Gui\"/>
		</Unit>
		<Unit filename="/Users/weiyang/Downloads/EventQtSlotConnect/../../Qt5.9.2/5.9.2/clang_64/lib/cmake/Qt5Gui/Qt5Gui_QTiffPlugin.cmake">
			<Option virtualFolder="CMake Files\..\..\Qt5.9.2\5.9.2\clang_64\lib\cmake\Qt5Gui\"/>
		</Unit>
		<Unit filename="/Users/weiyang/Downloads/EventQtSlotConnect/../../Qt5.9.2/5.9.2/clang_64/lib/cmake/Qt5Gui/Qt5Gui_QTuioTouchPlugin.cmake">
			<Option virtualFolder="CMake Files\..\..\Qt5.9.2\5.9.2\clang_64\lib\cmake\Qt5Gui\"/>
		</Unit>
		<Unit filename="/Users/weiyang/Downloads/EventQtSlotConnect/../../Qt5.9.2/5.9.2/clang_64/lib/cmake/Qt5Gui/Qt5Gui_QWbmpPlugin.cmake">
			<Option virtualFolder="CMake Files\..\..\Qt5.9.2\5.9.2\clang_64\lib\cmake\Qt5Gui\"/>
		</Unit>
		<Unit filename="/Users/weiyang/Downloads/EventQtSlotConnect/../../Qt5.9.2/5.9.2/clang_64/lib/cmake/Qt5Gui/Qt5Gui_QWebpPlugin.cmake">
			<Option virtualFolder="CMake Files\..\..\Qt5.9.2\5.9.2\clang_64\lib\cmake\Qt5Gui\"/>
		</Unit>
		<Unit filename="/Users/weiyang/Downloads/EventQtSlotConnect/../../Qt5.9.2/5.9.2/clang_64/lib/cmake/Qt5Core/Qt5CoreConfig.cmake">
			<Option virtualFolder="CMake Files\..\..\Qt5.9.2\5.9.2\clang_64\lib\cmake\Qt5Core\"/>
		</Unit>
		<Unit filename="/Users/weiyang/Downloads/EventQtSlotConnect/../../Qt5.9.2/5.9.2/clang_64/lib/cmake/Qt5Core/Qt5CoreConfigExtras.cmake">
			<Option virtualFolder="CMake Files\..\..\Qt5.9.2\5.9.2\clang_64\lib\cmake\Qt5Core\"/>
		</Unit>
		<Unit filename="/Users/weiyang/Downloads/EventQtSlotConnect/../../Qt5.9.2/5.9.2/clang_64/lib/cmake/Qt5Core/Qt5CoreConfigExtrasMkspecDir.cmake">
			<Option virtualFolder="CMake Files\..\..\Qt5.9.2\5.9.2\clang_64\lib\cmake\Qt5Core\"/>
		</Unit>
		<Unit filename="/Users/weiyang/Downloads/EventQtSlotConnect/../../Qt5.9.2/5.9.2/clang_64/lib/cmake/Qt5Core/Qt5CoreConfigVersion.cmake">
			<Option virtualFolder="CMake Files\..\..\Qt5.9.2\5.9.2\clang_64\lib\cmake\Qt5Core\"/>
		</Unit>
		<Unit filename="/Users/weiyang/Downloads/EventQtSlotConnect/../../Qt5.9.2/5.9.2/clang_64/lib/cmake/Qt5Core/Qt5CoreMacros.cmake">
			<Option virtualFolder="CMake Files\..\..\Qt5.9.2\5.9.2\clang_64\lib\cmake\Qt5Core\"/>
		</Unit>
		<Unit filename="/Users/weiyang/Downloads/EventQtSlotConnect/../../Qt5.9.2/5.9.2/clang_64/lib/cmake/Qt5OpenGL/Qt5OpenGLConfig.cmake">
			<Option virtualFolder="CMake Files\..\..\Qt5.9.2\5.9.2\clang_64\lib\cmake\Qt5OpenGL\"/>
		</Unit>
		<Unit filename="/Users/weiyang/Downloads/EventQtSlotConnect/../../Qt5.9.2/5.9.2/clang_64/lib/cmake/Qt5OpenGL/Qt5OpenGLConfigVersion.cmake">
			<Option virtualFolder="CMake Files\..\..\Qt5.9.2\5.9.2\clang_64\lib\cmake\Qt5OpenGL\"/>
		</Unit>
		<Unit filename="/Users/weiyang/Downloads/EventQtSlotConnect/../../Qt5.9.2/5.9.2/clang_64/lib/cmake/Qt5Sql/Qt5SqlConfig.cmake">
			<Option virtualFolder="CMake Files\..\..\Qt5.9.2\5.9.2\clang_64\lib\cmake\Qt5Sql\"/>
		</Unit>
		<Unit filename="/Users/weiyang/Downloads/EventQtSlotConnect/../../Qt5.9.2/5.9.2/clang_64/lib/cmake/Qt5Sql/Qt5SqlConfigVersion.cmake">
			<Option virtualFolder="CMake Files\..\..\Qt5.9.2\5.9.2\clang_64\lib\cmake\Qt5Sql\"/>
		</Unit>
		<Unit filename="/Users/weiyang/Downloads/EventQtSlotConnect/../../Qt5.9.2/5.9.2/clang_64/lib/cmake/Qt5Sql/Qt5Sql_QMYSQLDriverPlugin.cmake">
			<Option virtualFolder="CMake Files\..\..\Qt5.9.2\5.9.2\clang_64\lib\cmake\Qt5Sql\"/>
		</Unit>
		<Unit filename="/Users/weiyang/Downloads/EventQtSlotConnect/../../Qt5.9.2/5.9.2/clang_64/lib/cmake/Qt5Sql/Qt5Sql_QODBCDriverPlugin.cmake">
			<Option virtualFolder="CMake Files\..\..\Qt5.9.2\5.9.2\clang_64\lib\cmake\Qt5Sql\"/>
		</Unit>
		<Unit filename="/Users/weiyang/Downloads/EventQtSlotConnect/../../Qt5.9.2/5.9.2/clang_64/lib/cmake/Qt5Sql/Qt5Sql_QPSQLDriverPlugin.cmake">
			<Option virtualFolder="CMake Files\..\..\Qt5.9.2\5.9.2\clang_64\lib\cmake\Qt5Sql\"/>
		</Unit>
		<Unit filename="/Users/weiyang/Downloads/EventQtSlotConnect/../../Qt5.9.2/5.9.2/clang_64/lib/cmake/Qt5Sql/Qt5Sql_QSQLiteDriverPlugin.cmake">
			<Option virtualFolder="CMake Files\..\..\Qt5.9.2\5.9.2\clang_64\lib\cmake\Qt5Sql\"/>
		</Unit>
	</Project>
</CodeBlocks_project_file>
